
Microsoft Visual Studio Solution File, Format Version 12.00
# Visual Studio Version 17
VisualStudioVersion = 17.3.32929.385
MinimumVisualStudioVersion = 10.0.40219.1
Project("{FAE04EC0-301F-11D3-BF4B-00C04F79EFBC}") = "CarregarImagens", "CarregarImagens\CarregarImagens.csproj", "{693E3B03-DE40-4E0C-AB3B-B72C2E2B4715}"
EndProject
Global
	GlobalSection(SolutionConfigurationPlatforms) = preSolution
		Debug|Any CPU = Debug|Any CPU
		Release|Any CPU = Release|Any CPU
	EndGlobalSection
	GlobalSection(ProjectConfigurationPlatforms) = postSolution
		{693E3B03-DE40-4E0C-AB3B-B72C2E2B4715}.Debug|Any CPU.ActiveCfg = Debug|Any CPU
		{693E3B03-DE40-4E0C-AB3B-B72C2E2B4715}.Debug|Any CPU.Build.0 = Debug|Any CPU
		{693E3B03-DE40-4E0C-AB3B-B72C2E2B4715}.Release|Any CPU.ActiveCfg = Release|Any CPU
		{693E3B03-DE40-4E0C-AB3B-B72C2E2B4715}.Release|Any CPU.Build.0 = Release|Any CPU
	EndGlobalSection
	GlobalSection(SolutionProperties) = preSolution
		HideSolutionNode = FALSE
	EndGlobalSection
	GlobalSection(ExtensibilityGlobals) = postSolution
		SolutionGuid = {841D92B5-C651-4E76-A953-EF63B5CB2463}
	EndGlobalSection
EndGlobal
