
Microsoft Visual Studio Solution File, Format Version 12.00
# Visual Studio Version 17
VisualStudioVersion = 17.6.33829.357
MinimumVisualStudioVersion = 10.0.40219.1
Project("{FAE04EC0-301F-11D3-BF4B-00C04F79EFBC}") = "TCC-appDesktopHRC", "TCC-appDesktopHRC\TCC-appDesktopHRC.csproj", "{812DC1FE-C750-4F8C-A803-087077C16BA9}"
EndProject
Global
	GlobalSection(SolutionConfigurationPlatforms) = preSolution
		Debug|Any CPU = Debug|Any CPU
		Release|Any CPU = Release|Any CPU
	EndGlobalSection
	GlobalSection(ProjectConfigurationPlatforms) = postSolution
		{812DC1FE-C750-4F8C-A803-087077C16BA9}.Debug|Any CPU.ActiveCfg = Debug|Any CPU
		{812DC1FE-C750-4F8C-A803-087077C16BA9}.Debug|Any CPU.Build.0 = Debug|Any CPU
		{812DC1FE-C750-4F8C-A803-087077C16BA9}.Release|Any CPU.ActiveCfg = Release|Any CPU
		{812DC1FE-C750-4F8C-A803-087077C16BA9}.Release|Any CPU.Build.0 = Release|Any CPU
	EndGlobalSection
	GlobalSection(SolutionProperties) = preSolution
		HideSolutionNode = FALSE
	EndGlobalSection
	GlobalSection(ExtensibilityGlobals) = postSolution
		SolutionGuid = {FF7AA508-BE8F-43D6-8F10-B12917C2E930}
	EndGlobalSection
EndGlobal
